
Microsoft Visual Studio Solution File, Format Version 12.00
# Visual Studio 14
VisualStudioVersion = 14.0.25420.1
MinimumVisualStudioVersion = 10.0.40219.1
Project("{2150E333-8FDC-42A3-9474-1A3956D46DE8}") = "src", "src", "{F1976CA7-6626-4C21-8D3B-48F9D088B63A}"
EndProject
Project("{2150E333-8FDC-42A3-9474-1A3956D46DE8}") = "Solution Items", "Solution Items", "{B7EBCD3A-DFB3-4C59-B803-D7F43BBBB517}"
	ProjectSection(SolutionItems) = preProject
		global.json = global.json
	EndProjectSection
EndProject
Project("{8BB2217D-0F2D-49D1-97BC-3654ED321F3B}") = "Melkor-core-web", "src\Melkor-core-web\Melkor-core-web.xproj", "{8EA46964-EA98-4432-95D9-DB7925F5CDEA}"
EndProject
Global
	GlobalSection(SolutionConfigurationPlatforms) = preSolution
		Debug|Any CPU = Debug|Any CPU
		Release|Any CPU = Release|Any CPU
	EndGlobalSection
	GlobalSection(ProjectConfigurationPlatforms) = postSolution
		{8EA46964-EA98-4432-95D9-DB7925F5CDEA}.Debug|Any CPU.ActiveCfg = Debug|Any CPU
		{8EA46964-EA98-4432-95D9-DB7925F5CDEA}.Debug|Any CPU.Build.0 = Debug|Any CPU
		{8EA46964-EA98-4432-95D9-DB7925F5CDEA}.Release|Any CPU.ActiveCfg = Release|Any CPU
		{8EA46964-EA98-4432-95D9-DB7925F5CDEA}.Release|Any CPU.Build.0 = Release|Any CPU
	EndGlobalSection
	GlobalSection(SolutionProperties) = preSolution
		HideSolutionNode = FALSE
	EndGlobalSection
	GlobalSection(NestedProjects) = preSolution
		{8EA46964-EA98-4432-95D9-DB7925F5CDEA} = {F1976CA7-6626-4C21-8D3B-48F9D088B63A}
	EndGlobalSection
EndGlobal
